
Microsoft Visual Studio Solution File, Format Version 12.00
# Visual Studio 15
VisualStudioVersion = 15.0.28010.2050
MinimumVisualStudioVersion = 10.0.40219.1
Project("{FAE04EC0-301F-11D3-BF4B-00C04F79EFBC}") = "culinariaAPI", "culinariaAPI\culinariaAPI.csproj", "{06255F7F-53AC-4B7E-94C1-37F627F04D1E}"
EndProject
Global
	GlobalSection(SolutionConfigurationPlatforms) = preSolution
		Debug|Any CPU = Debug|Any CPU
		Release|Any CPU = Release|Any CPU
	EndGlobalSection
	GlobalSection(ProjectConfigurationPlatforms) = postSolution
		{06255F7F-53AC-4B7E-94C1-37F627F04D1E}.Debug|Any CPU.ActiveCfg = Debug|Any CPU
		{06255F7F-53AC-4B7E-94C1-37F627F04D1E}.Debug|Any CPU.Build.0 = Debug|Any CPU
		{06255F7F-53AC-4B7E-94C1-37F627F04D1E}.Release|Any CPU.ActiveCfg = Release|Any CPU
		{06255F7F-53AC-4B7E-94C1-37F627F04D1E}.Release|Any CPU.Build.0 = Release|Any CPU
	EndGlobalSection
	GlobalSection(SolutionProperties) = preSolution
		HideSolutionNode = FALSE
	EndGlobalSection
	GlobalSection(ExtensibilityGlobals) = postSolution
		SolutionGuid = {004951F5-56D6-4C18-A6E7-FD31F2E1A229}
	EndGlobalSection
EndGlobal
